// !$*UTF8*$!
{
	archiveVersion = 1;
	classes = {
	};
	objectVersion = 51;
	objects = {

/* Begin PBXBuildFile section */
		92A5A34025C86CEE002BC5FA /* AppDelegate.swift in Sources */ = {isa = PBXBuildFile; fileRef = 92A5A33F25C86CEE002BC5FA /* AppDelegate.swift */; };
		92A5A34225C86CEE002BC5FA /* SceneDelegate.swift in Sources */ = {isa = PBXBuildFile; fileRef = 92A5A34125C86CEE002BC5FA /* SceneDelegate.swift */; };
		92A5A34425C86CEE002BC5FA /* MapVC.swift in Sources */ = {isa = PBXBuildFile; fileRef = 92A5A34325C86CEE002BC5FA /* MapVC.swift */; };
		92A5A34725C86CEE002BC5FA /* Main.storyboard in Resources */ = {isa = PBXBuildFile; fileRef = 92A5A34525C86CEE002BC5FA /* Main.storyboard */; };
		92A5A34925C86CF0002BC5FA /* Assets.xcassets in Resources */ = {isa = PBXBuildFile; fileRef = 92A5A34825C86CF0002BC5FA /* Assets.xcassets */; };
		92A5A34C25C86CF0002BC5FA /* LaunchScreen.storyboard in Resources */ = {isa = PBXBuildFile; fileRef = 92A5A34A25C86CF0002BC5FA /* LaunchScreen.storyboard */; };
		92A5A35A25C882D6002BC5FA /* DroppablePin.swift in Sources */ = {isa = PBXBuildFile; fileRef = 92A5A35925C882D6002BC5FA /* DroppablePin.swift */; };
		92A5A35C25C89937002BC5FA /* PhotoCell.swift in Sources */ = {isa = PBXBuildFile; fileRef = 92A5A35B25C89937002BC5FA /* PhotoCell.swift */; };
		92A5A35E25C89D15002BC5FA /* Constants.swift in Sources */ = {isa = PBXBuildFile; fileRef = 92A5A35D25C89D15002BC5FA /* Constants.swift */; };
		92A5A36025C8AF27002BC5FA /* PopVC.swift in Sources */ = {isa = PBXBuildFile; fileRef = 92A5A35F25C8AF27002BC5FA /* PopVC.swift */; };
		C40AA76278F53AE905CDCFFE /* Pods_Pixel_City.framework in Frameworks */ = {isa = PBXBuildFile; fileRef = 83BB36BA32E973EA8C61D33F /* Pods_Pixel_City.framework */; };
/* End PBXBuildFile section */

/* Begin PBXFileReference section */
		623320119C88910C5DD836DE /* Pods-Pixel City.debug.xcconfig */ = {isa = PBXFileReference; includeInIndex = 1; lastKnownFileType = text.xcconfig; name = "Pods-Pixel City.debug.xcconfig"; path = "Target Support Files/Pods-Pixel City/Pods-Pixel City.debug.xcconfig"; sourceTree = "<group>"; };
		83BB36BA32E973EA8C61D33F /* Pods_Pixel_City.framework */ = {isa = PBXFileReference; explicitFileType = wrapper.framework; includeInIndex = 0; path = Pods_Pixel_City.framework; sourceTree = BUILT_PRODUCTS_DIR; };
		92A5A33C25C86CEE002BC5FA /* Pixel City.app */ = {isa = PBXFileReference; explicitFileType = wrapper.application; includeInIndex = 0; path = "Pixel City.app"; sourceTree = BUILT_PRODUCTS_DIR; };
		92A5A33F25C86CEE002BC5FA /* AppDelegate.swift */ = {isa = PBXFileReference; lastKnownFileType = sourcecode.swift; path = AppDelegate.swift; sourceTree = "<group>"; };
		92A5A34125C86CEE002BC5FA /* SceneDelegate.swift */ = {isa = PBXFileReference; lastKnownFileType = sourcecode.swift; path = SceneDelegate.swift; sourceTree = "<group>"; };
		92A5A34325C86CEE002BC5FA /* MapVC.swift */ = {isa = PBXFileReference; lastKnownFileType = sourcecode.swift; path = MapVC.swift; sourceTree = "<group>"; };
		92A5A34625C86CEE002BC5FA /* Base */ = {isa = PBXFileReference; lastKnownFileType = file.storyboard; name = Base; path = Base.lproj/Main.storyboard; sourceTree = "<group>"; };
		92A5A34825C86CF0002BC5FA /* Assets.xcassets */ = {isa = PBXFileReference; lastKnownFileType = folder.assetcatalog; path = Assets.xcassets; sourceTree = "<group>"; };
		92A5A34B25C86CF0002BC5FA /* Base */ = {isa = PBXFileReference; lastKnownFileType = file.storyboard; name = Base; path = Base.lproj/LaunchScreen.storyboard; sourceTree = "<group>"; };
		92A5A34D25C86CF0002BC5FA /* Info.plist */ = {isa = PBXFileReference; lastKnownFileType = text.plist.xml; path = Info.plist; sourceTree = "<group>"; };
		92A5A35925C882D6002BC5FA /* DroppablePin.swift */ = {isa = PBXFileReference; lastKnownFileType = sourcecode.swift; path = DroppablePin.swift; sourceTree = "<group>"; };
		92A5A35B25C89937002BC5FA /* PhotoCell.swift */ = {isa = PBXFileReference; lastKnownFileType = sourcecode.swift; path = PhotoCell.swift; sourceTree = "<group>"; };
		92A5A35D25C89D15002BC5FA /* Constants.swift */ = {isa = PBXFileReference; lastKnownFileType = sourcecode.swift; path = Constants.swift; sourceTree = "<group>"; };
		92A5A35F25C8AF27002BC5FA /* PopVC.swift */ = {isa = PBXFileReference; lastKnownFileType = sourcecode.swift; path = PopVC.swift; sourceTree = "<group>"; };
		F19ECCE42F1F7868BEF47698 /* Pods-Pixel City.release.xcconfig */ = {isa = PBXFileReference; includeInIndex = 1; lastKnownFileType = text.xcconfig; name = "Pods-Pixel City.release.xcconfig"; path = "Target Support Files/Pods-Pixel City/Pods-Pixel City.release.xcconfig"; sourceTree = "<group>"; };
/* End PBXFileReference section */

/* Begin PBXFrameworksBuildPhase section */
		92A5A33925C86CEE002BC5FA /* Frameworks */ = {
			isa = PBXFrameworksBuildPhase;
			buildActionMask = 2147483647;
			files = (
				C40AA76278F53AE905CDCFFE /* Pods_Pixel_City.framework in Frameworks */,
			);
			runOnlyForDeploymentPostprocessing = 0;
		};
/* End PBXFrameworksBuildPhase section */

/* Begin PBXGroup section */
		2A35F810A4A40CA06535B1E1 /* Pods */ = {
			isa = PBXGroup;
			children = (
				623320119C88910C5DD836DE /* Pods-Pixel City.debug.xcconfig */,
				F19ECCE42F1F7868BEF47698 /* Pods-Pixel City.release.xcconfig */,
			);
			path = Pods;
			sourceTree = "<group>";
		};
		8E25DF52583766995BA4755D /* Frameworks */ = {
			isa = PBXGroup;
			children = (
				83BB36BA32E973EA8C61D33F /* Pods_Pixel_City.framework */,
			);
			name = Frameworks;
			sourceTree = "<group>";
		};
		92A5A33325C86CEE002BC5FA = {
			isa = PBXGroup;
			children = (
				92A5A33E25C86CEE002BC5FA /* Pixel City */,
				92A5A33D25C86CEE002BC5FA /* Products */,
				2A35F810A4A40CA06535B1E1 /* Pods */,
				8E25DF52583766995BA4755D /* Frameworks */,
			);
			sourceTree = "<group>";
		};
		92A5A33D25C86CEE002BC5FA /* Products */ = {
			isa = PBXGroup;
			children = (
				92A5A33C25C86CEE002BC5FA /* Pixel City.app */,
			);
			name = Products;
			sourceTree = "<group>";
		};
		92A5A33E25C86CEE002BC5FA /* Pixel City */ = {
			isa = PBXGroup;
			children = (
				92A5A35625C86D46002BC5FA /* Utilities */,
				92A5A35525C86D38002BC5FA /* Extensions */,
				92A5A35425C86D2F002BC5FA /* Views */,
				92A5A35325C86D20002BC5FA /* Controllers */,
				92A5A33F25C86CEE002BC5FA /* AppDelegate.swift */,
				92A5A34125C86CEE002BC5FA /* SceneDelegate.swift */,
				92A5A34525C86CEE002BC5FA /* Main.storyboard */,
				92A5A34825C86CF0002BC5FA /* Assets.xcassets */,
				92A5A34A25C86CF0002BC5FA /* LaunchScreen.storyboard */,
				92A5A34D25C86CF0002BC5FA /* Info.plist */,
			);
			path = "Pixel City";
			sourceTree = "<group>";
		};
		92A5A35325C86D20002BC5FA /* Controllers */ = {
			isa = PBXGroup;
			children = (
				92A5A34325C86CEE002BC5FA /* MapVC.swift */,
				92A5A35F25C8AF27002BC5FA /* PopVC.swift */,
			);
			path = Controllers;
			sourceTree = "<group>";
		};
		92A5A35425C86D2F002BC5FA /* Views */ = {
			isa = PBXGroup;
			children = (
				92A5A35925C882D6002BC5FA /* DroppablePin.swift */,
				92A5A35B25C89937002BC5FA /* PhotoCell.swift */,
			);
			path = Views;
			sourceTree = "<group>";
		};
		92A5A35525C86D38002BC5FA /* Extensions */ = {
			isa = PBXGroup;
			children = (
			);
			path = Extensions;
			sourceTree = "<group>";
		};
		92A5A35625C86D46002BC5FA /* Utilities */ = {
			isa = PBXGroup;
			children = (
				92A5A35D25C89D15002BC5FA /* Constants.swift */,
			);
			path = Utilities;
			sourceTree = "<group>";
		};
/* End PBXGroup section */

/* Begin PBXNativeTarget section */
		92A5A33B25C86CEE002BC5FA /* Pixel City */ = {
			isa = PBXNativeTarget;
			buildConfigurationList = 92A5A35025C86CF0002BC5FA /* Build configuration list for PBXNativeTarget "Pixel City" */;
			buildPhases = (
				8DE4C72C597BC61CC1F131BC /* [CP] Check Pods Manifest.lock */,
				92A5A33825C86CEE002BC5FA /* Sources */,
				92A5A33925C86CEE002BC5FA /* Frameworks */,
				92A5A33A25C86CEE002BC5FA /* Resources */,
				FA089803A6A57ADBE4573140 /* [CP] Embed Pods Frameworks */,
			);
			buildRules = (
			);
			dependencies = (
			);
			name = "Pixel City";
			productName = "Pixel City";
			productReference = 92A5A33C25C86CEE002BC5FA /* Pixel City.app */;
			productType = "com.apple.product-type.application";
		};
/* End PBXNativeTarget section */

/* Begin PBXProject section */
		92A5A33425C86CEE002BC5FA /* Project object */ = {
			isa = PBXProject;
			attributes = {
				LastSwiftUpdateCheck = 1170;
				LastUpgradeCheck = 1170;
				ORGANIZATIONNAME = "Jerry Lai";
				TargetAttributes = {
					92A5A33B25C86CEE002BC5FA = {
						CreatedOnToolsVersion = 11.7;
					};
				};
			};
			buildConfigurationList = 92A5A33725C86CEE002BC5FA /* Build configuration list for PBXProject "Pixel City" */;
			compatibilityVersion = "Xcode 9.3";
			developmentRegion = en;
			hasScannedForEncodings = 0;
			knownRegions = (
				en,
				Base,
			);
			mainGroup = 92A5A33325C86CEE002BC5FA;
			productRefGroup = 92A5A33D25C86CEE002BC5FA /* Products */;
			projectDirPath = "";
			projectRoot = "";
			targets = (
				92A5A33B25C86CEE002BC5FA /* Pixel City */,
			);
		};
/* End PBXProject section */

/* Begin PBXResourcesBuildPhase section */
		92A5A33A25C86CEE002BC5FA /* Resources */ = {
			isa = PBXResourcesBuildPhase;
			buildActionMask = 2147483647;
			files = (
				92A5A34C25C86CF0002BC5FA /* LaunchScreen.storyboard in Resources */,
				92A5A34925C86CF0002BC5FA /* Assets.xcassets in Resources */,
				92A5A34725C86CEE002BC5FA /* Main.storyboard in Resources */,
			);
			runOnlyForDeploymentPostprocessing = 0;
		};
/* End PBXResourcesBuildPhase section */

/* Begin PBXShellScriptBuildPhase section */
		8DE4C72C597BC61CC1F131BC /* [CP] Check Pods Manifest.lock */ = {
			isa = PBXShellScriptBuildPhase;
			buildActionMask = 2147483647;
			files = (
			);
			inputFileListPaths = (
			);
			inputPaths = (
				"${PODS_PODFILE_DIR_PATH}/Podfile.lock",
				"${PODS_ROOT}/Manifest.lock",
			);
			name = "[CP] Check Pods Manifest.lock";
			outputFileListPaths = (
			);
			outputPaths = (
				"$(DERIVED_FILE_DIR)/Pods-Pixel City-checkManifestLockResult.txt",
			);
			runOnlyForDeploymentPostprocessing = 0;
			shellPath = /bin/sh;
			shellScript = "diff \"${PODS_PODFILE_DIR_PATH}/Podfile.lock\" \"${PODS_ROOT}/Manifest.lock\" > /dev/null\nif [ $? != 0 ] ; then\n    # print error to STDERR\n    echo \"error: The sandbox is not in sync with the Podfile.lock. Run 'pod install' or update your CocoaPods installation.\" >&2\n    exit 1\nfi\n# This output is used by Xcode 'outputs' to avoid re-running this script phase.\necho \"SUCCESS\" > \"${SCRIPT_OUTPUT_FILE_0}\"\n";
			showEnvVarsInLog = 0;
		};
		FA089803A6A57ADBE4573140 /* [CP] Embed Pods Frameworks */ = {
			isa = PBXShellScriptBuildPhase;
			buildActionMask = 2147483647;
			files = (
			);
			inputFileListPaths = (
				"${PODS_ROOT}/Target Support Files/Pods-Pixel City/Pods-Pixel City-frameworks-${CONFIGURATION}-input-files.xcfilelist",
			);
			name = "[CP] Embed Pods Frameworks";
			outputFileListPaths = (
				"${PODS_ROOT}/Target Support Files/Pods-Pixel City/Pods-Pixel City-frameworks-${CONFIGURATION}-output-files.xcfilelist",
			);
			runOnlyForDeploymentPostprocessing = 0;
			shellPath = /bin/sh;
			shellScript = "\"${PODS_ROOT}/Target Support Files/Pods-Pixel City/Pods-Pixel City-frameworks.sh\"\n";
			showEnvVarsInLog = 0;
		};
/* End PBXShellScriptBuildPhase section */

/* Begin PBXSourcesBuildPhase section */
		92A5A33825C86CEE002BC5FA /* Sources */ = {
			isa = PBXSourcesBuildPhase;
			buildActionMask = 2147483647;
			files = (
				92A5A34425C86CEE002BC5FA /* MapVC.swift in Sources */,
				92A5A35C25C89937002BC5FA /* PhotoCell.swift in Sources */,
				92A5A36025C8AF27002BC5FA /* PopVC.swift in Sources */,
				92A5A35A25C882D6002BC5FA /* DroppablePin.swift in Sources */,
				92A5A34025C86CEE002BC5FA /* AppDelegate.swift in Sources */,
				92A5A34225C86CEE002BC5FA /* SceneDelegate.swift in Sources */,
				92A5A35E25C89D15002BC5FA /* Constants.swift in Sources */,
			);
			runOnlyForDeploymentPostprocessing = 0;
		};
/* End PBXSourcesBuildPhase section */

/* Begin PBXVariantGroup section */
		92A5A34525C86CEE002BC5FA /* Main.storyboard */ = {
			isa = PBXVariantGroup;
			children = (
				92A5A34625C86CEE002BC5FA /* Base */,
			);
			name = Main.storyboard;
			sourceTree = "<group>";
		};
		92A5A34A25C86CF0002BC5FA /* LaunchScreen.storyboard */ = {
			isa = PBXVariantGroup;
			children = (
				92A5A34B25C86CF0002BC5FA /* Base */,
			);
			name = LaunchScreen.storyboard;
			sourceTree = "<group>";
		};
/* End PBXVariantGroup section */

/* Begin XCBuildConfiguration section */
		92A5A34E25C86CF0002BC5FA /* Debug */ = {
			isa = XCBuildConfiguration;
			buildSettings = {
				ALWAYS_SEARCH_USER_PATHS = NO;
				CLANG_ANALYZER_NONNULL = YES;
				CLANG_ANALYZER_NUMBER_OBJECT_CONVERSION = YES_AGGRESSIVE;
				CLANG_CXX_LANGUAGE_STANDARD = "gnu++14";
				CLANG_CXX_LIBRARY = "libc++";
				CLANG_ENABLE_MODULES = YES;
				CLANG_ENABLE_OBJC_ARC = YES;
				CLANG_ENABLE_OBJC_WEAK = YES;
				CLANG_WARN_BLOCK_CAPTURE_AUTORELEASING = YES;
				CLANG_WARN_BOOL_CONVERSION = YES;
				CLANG_WARN_COMMA = YES;
				CLANG_WARN_CONSTANT_CONVERSION = YES;
				CLANG_WARN_DEPRECATED_OBJC_IMPLEMENTATIONS = YES;
				CLANG_WARN_DIRECT_OBJC_ISA_USAGE = YES_ERROR;
				CLANG_WARN_DOCUMENTATION_COMMENTS = YES;
				CLANG_WARN_EMPTY_BODY = YES;
				CLANG_WARN_ENUM_CONVERSION = YES;
				CLANG_WARN_INFINITE_RECURSION = YES;
				CLANG_WARN_INT_CONVERSION = YES;
				CLANG_WARN_NON_LITERAL_NULL_CONVERSION = YES;
				CLANG_WARN_OBJC_IMPLICIT_RETAIN_SELF = YES;
				CLANG_WARN_OBJC_LITERAL_CONVERSION = YES;
				CLANG_WARN_OBJC_ROOT_CLASS = YES_ERROR;
				CLANG_WARN_RANGE_LOOP_ANALYSIS = YES;
				CLANG_WARN_STRICT_PROTOTYPES = YES;
				CLANG_WARN_SUSPICIOUS_MOVE = YES;
				CLANG_WARN_UNGUARDED_AVAILABILITY = YES_AGGRESSIVE;
				CLANG_WARN_UNREACHABLE_CODE = YES;
				CLANG_WARN__DUPLICATE_METHOD_MATCH = YES;
				COPY_PHASE_STRIP = NO;
				DEBUG_INFORMATION_FORMAT = dwarf;
				ENABLE_STRICT_OBJC_MSGSEND = YES;
				ENABLE_TESTABILITY = YES;
				GCC_C_LANGUAGE_STANDARD = gnu11;
				GCC_DYNAMIC_NO_PIC = NO;
				GCC_NO_COMMON_BLOCKS = YES;
				GCC_OPTIMIZATION_LEVEL = 0;
				GCC_PREPROCESSOR_DEFINITIONS = (
					"DEBUG=1",
					"$(inherited)",
				);
				GCC_WARN_64_TO_32_BIT_CONVERSION = YES;
				GCC_WARN_ABOUT_RETURN_TYPE = YES_ERROR;
				GCC_WARN_UNDECLARED_SELECTOR = YES;
				GCC_WARN_UNINITIALIZED_AUTOS = YES_AGGRESSIVE;
				GCC_WARN_UNUSED_FUNCTION = YES;
				GCC_WARN_UNUSED_VARIABLE = YES;
				IPHONEOS_DEPLOYMENT_TARGET = 13.7;
				MTL_ENABLE_DEBUG_INFO = INCLUDE_SOURCE;
				MTL_FAST_MATH = YES;
				ONLY_ACTIVE_ARCH = YES;
				SDKROOT = iphoneos;
				SWIFT_ACTIVE_COMPILATION_CONDITIONS = DEBUG;
				SWIFT_OPTIMIZATION_LEVEL = "-Onone";
			};
			name = Debug;
		};
		92A5A34F25C86CF0002BC5FA /* Release */ = {
			isa = XCBuildConfiguration;
			buildSettings = {
				ALWAYS_SEARCH_USER_PATHS = NO;
				CLANG_ANALYZER_NONNULL = YES;
				CLANG_ANALYZER_NUMBER_OBJECT_CONVERSION = YES_AGGRESSIVE;
				CLANG_CXX_LANGUAGE_STANDARD = "gnu++14";
				CLANG_CXX_LIBRARY = "libc++";
				CLANG_ENABLE_MODULES = YES;
				CLANG_ENABLE_OBJC_ARC = YES;
				CLANG_ENABLE_OBJC_WEAK = YES;
				CLANG_WARN_BLOCK_CAPTURE_AUTORELEASING = YES;
				CLANG_WARN_BOOL_CONVERSION = YES;
				CLANG_WARN_COMMA = YES;
				CLANG_WARN_CONSTANT_CONVERSION = YES;
				CLANG_WARN_DEPRECATED_OBJC_IMPLEMENTATIONS = YES;
				CLANG_WARN_DIRECT_OBJC_ISA_USAGE = YES_ERROR;
				CLANG_WARN_DOCUMENTATION_COMMENTS = YES;
				CLANG_WARN_EMPTY_BODY = YES;
				CLANG_WARN_ENUM_CONVERSION = YES;
				CLANG_WARN_INFINITE_RECURSION = YES;
				CLANG_WARN_INT_CONVERSION = YES;
				CLANG_WARN_NON_LITERAL_NULL_CONVERSION = YES;
				CLANG_WARN_OBJC_IMPLICIT_RETAIN_SELF = YES;
				CLANG_WARN_OBJC_LITERAL_CONVERSION = YES;
				CLANG_WARN_OBJC_ROOT_CLASS = YES_ERROR;
				CLANG_WARN_RANGE_LOOP_ANALYSIS = YES;
				CLANG_WARN_STRICT_PROTOTYPES = YES;
				CLANG_WARN_SUSPICIOUS_MOVE = YES;
				CLANG_WARN_UNGUARDED_AVAILABILITY = YES_AGGRESSIVE;
				CLANG_WARN_UNREACHABLE_CODE = YES;
				CLANG_WARN__DUPLICATE_METHOD_MATCH = YES;
				COPY_PHASE_STRIP = NO;
				DEBUG_INFORMATION_FORMAT = "dwarf-with-dsym";
				ENABLE_NS_ASSERTIONS = NO;
				ENABLE_STRICT_OBJC_MSGSEND = YES;
				GCC_C_LANGUAGE_STANDARD = gnu11;
				GCC_NO_COMMON_BLOCKS = YES;
				GCC_WARN_64_TO_32_BIT_CONVERSION = YES;
				GCC_WARN_ABOUT_RETURN_TYPE = YES_ERROR;
				GCC_WARN_UNDECLARED_SELECTOR = YES;
				GCC_WARN_UNINITIALIZED_AUTOS = YES_AGGRESSIVE;
				GCC_WARN_UNUSED_FUNCTION = YES;
				GCC_WARN_UNUSED_VARIABLE = YES;
				IPHONEOS_DEPLOYMENT_TARGET = 13.7;
				MTL_ENABLE_DEBUG_INFO = NO;
				MTL_FAST_MATH = YES;
				SDKROOT = iphoneos;
				SWIFT_COMPILATION_MODE = wholemodule;
				SWIFT_OPTIMIZATION_LEVEL = "-O";
				VALIDATE_PRODUCT = YES;
			};
			name = Release;
		};
		92A5A35125C86CF0002BC5FA /* Debug */ = {
			isa = XCBuildConfiguration;
			baseConfigurationReference = 623320119C88910C5DD836DE /* Pods-Pixel City.debug.xcconfig */;
			buildSettings = {
				ASSETCATALOG_COMPILER_APPICON_NAME = AppIcon;
				CODE_SIGN_STYLE = Automatic;
				CURRENT_PROJECT_VERSION = 1.0.4;
				DEVELOPMENT_TEAM = 8L83CZ8839;
				INFOPLIST_FILE = "Pixel City/Info.plist";
				LD_RUNPATH_SEARCH_PATHS = (
					"$(inherited)",
					"@executable_path/Frameworks",
				);
				PRODUCT_BUNDLE_IDENTIFIER = "jerry-lai.Pixel-City";
				PRODUCT_NAME = "$(TARGET_NAME)";
				SWIFT_VERSION = 5.0;
				TARGETED_DEVICE_FAMILY = "1,2";
			};
			name = Debug;
		};
		92A5A35225C86CF0002BC5FA /* Release */ = {
			isa = XCBuildConfiguration;
			baseConfigurationReference = F19ECCE42F1F7868BEF47698 /* Pods-Pixel City.release.xcconfig */;
			buildSettings = {
				ASSETCATALOG_COMPILER_APPICON_NAME = AppIcon;
				CODE_SIGN_STYLE = Automatic;
				CURRENT_PROJECT_VERSION = 1.0.4;
				DEVELOPMENT_TEAM = 8L83CZ8839;
				INFOPLIST_FILE = "Pixel City/Info.plist";
				LD_RUNPATH_SEARCH_PATHS = (
					"$(inherited)",
					"@executable_path/Frameworks",
				);
				PRODUCT_BUNDLE_IDENTIFIER = "jerry-lai.Pixel-City";
				PRODUCT_NAME = "$(TARGET_NAME)";
				SWIFT_VERSION = 5.0;
				TARGETED_DEVICE_FAMILY = "1,2";
			};
			name = Release;
		};
/* End XCBuildConfiguration section */

/* Begin XCConfigurationList section */
		92A5A33725C86CEE002BC5FA /* Build configuration list for PBXProject "Pixel City" */ = {
			isa = XCConfigurationList;
			buildConfigurations = (
				92A5A34E25C86CF0002BC5FA /* Debug */,
				92A5A34F25C86CF0002BC5FA /* Release */,
			);
			defaultConfigurationIsVisible = 0;
			defaultConfigurationName = Release;
		};
		92A5A35025C86CF0002BC5FA /* Build configuration list for PBXNativeTarget "Pixel City" */ = {
			isa = XCConfigurationList;
			buildConfigurations = (
				92A5A35125C86CF0002BC5FA /* Debug */,
				92A5A35225C86CF0002BC5FA /* Release */,
			);
			defaultConfigurationIsVisible = 0;
			defaultConfigurationName = Release;
		};
/* End XCConfigurationList section */
	};
	rootObject = 92A5A33425C86CEE002BC5FA /* Project object */;
}
